// !$*UTF8*$!
{
	archiveVersion = 1;
	classes = {
	};
	objectVersion = 77;
	objects = {

/* Begin PBXContainerItemProxy section */
		5B0221B02D78AB90005A3176 /* PBXContainerItemProxy */ = {
			isa = PBXContainerItemProxy;
			containerPortal = 5B0221972D78AB8F005A3176 /* Project object */;
			proxyType = 1;
			remoteGlobalIDString = 5B02219E2D78AB8F005A3176;
			remoteInfo = "News-Concurrency";
		};
		5B0221BA2D78AB90005A3176 /* PBXContainerItemProxy */ = {
			isa = PBXContainerItemProxy;
			containerPortal = 5B0221972D78AB8F005A3176 /* Project object */;
			proxyType = 1;
			remoteGlobalIDString = 5B02219E2D78AB8F005A3176;
			remoteInfo = "News-Concurrency";
		};
/* End PBXContainerItemProxy section */

/* Begin PBXFileReference section */
		5B02219F2D78AB8F005A3176 /* News-Concurrency.app */ = {isa = PBXFileReference; explicitFileType = wrapper.application; includeInIndex = 0; path = "News-Concurrency.app"; sourceTree = BUILT_PRODUCTS_DIR; };
		5B0221AF2D78AB90005A3176 /* News-ConcurrencyTests.xctest */ = {isa = PBXFileReference; explicitFileType = wrapper.cfbundle; includeInIndex = 0; path = "News-ConcurrencyTests.xctest"; sourceTree = BUILT_PRODUCTS_DIR; };
		5B0221B92D78AB90005A3176 /* News-ConcurrencyUITests.xctest */ = {isa = PBXFileReference; explicitFileType = wrapper.cfbundle; includeInIndex = 0; path = "News-ConcurrencyUITests.xctest"; sourceTree = BUILT_PRODUCTS_DIR; };
/* End PBXFileReference section */

/* Begin PBXFileSystemSynchronizedRootGroup section */
		5B0221A12D78AB8F005A3176 /* News-Concurrency */ = {
			isa = PBXFileSystemSynchronizedRootGroup;
			path = "News-Concurrency";
			sourceTree = "<group>";
		};
		5B0221B22D78AB90005A3176 /* News-ConcurrencyTests */ = {
			isa = PBXFileSystemSynchronizedRootGroup;
			path = "News-ConcurrencyTests";
			sourceTree = "<group>";
		};
		5B0221BC2D78AB90005A3176 /* News-ConcurrencyUITests */ = {
			isa = PBXFileSystemSynchronizedRootGroup;
			path = "News-ConcurrencyUITests";
			sourceTree = "<group>";
		};
/* End PBXFileSystemSynchronizedRootGroup section */

/* Begin PBXFrameworksBuildPhase section */
		5B02219C2D78AB8F005A3176 /* Frameworks */ = {
			isa = PBXFrameworksBuildPhase;
			buildActionMask = 2147483647;
			files = (
			);
			runOnlyForDeploymentPostprocessing = 0;
		};
		5B0221AC2D78AB90005A3176 /* Frameworks */ = {
			isa = PBXFrameworksBuildPhase;
			buildActionMask = 2147483647;
			files = (
			);
			runOnlyForDeploymentPostprocessing = 0;
		};
		5B0221B62D78AB90005A3176 /* Frameworks */ = {
			isa = PBXFrameworksBuildPhase;
			buildActionMask = 2147483647;
			files = (
			);
			runOnlyForDeploymentPostprocessing = 0;
		};
/* End PBXFrameworksBuildPhase section */

/* Begin PBXGroup section */
		5B0221962D78AB8F005A3176 = {
			isa = PBXGroup;
			children = (
				5B0221A12D78AB8F005A3176 /* News-Concurrency */,
				5B0221B22D78AB90005A3176 /* News-ConcurrencyTests */,
				5B0221BC2D78AB90005A3176 /* News-ConcurrencyUITests */,
				5B0221A02D78AB8F005A3176 /* Products */,
			);
			sourceTree = "<group>";
		};
		5B0221A02D78AB8F005A3176 /* Products */ = {
			isa = PBXGroup;
			children = (
				5B02219F2D78AB8F005A3176 /* News-Concurrency.app */,
				5B0221AF2D78AB90005A3176 /* News-ConcurrencyTests.xctest */,
				5B0221B92D78AB90005A3176 /* News-ConcurrencyUITests.xctest */,
			);
			name = Products;
			sourceTree = "<group>";
		};
/* End PBXGroup section */

/* Begin PBXNativeTarget section */
		5B02219E2D78AB8F005A3176 /* News-Concurrency */ = {
			isa = PBXNativeTarget;
			buildConfigurationList = 5B0221C32D78AB90005A3176 /* Build configuration list for PBXNativeTarget "News-Concurrency" */;
			buildPhases = (
				5B02219B2D78AB8F005A3176 /* Sources */,
				5B02219C2D78AB8F005A3176 /* Frameworks */,
				5B02219D2D78AB8F005A3176 /* Resources */,
			);
			buildRules = (
			);
			dependencies = (
			);
			fileSystemSynchronizedGroups = (
				5B0221A12D78AB8F005A3176 /* News-Concurrency */,
			);
			name = "News-Concurrency";
			packageProductDependencies = (
			);
			productName = "News-Concurrency";
			productReference = 5B02219F2D78AB8F005A3176 /* News-Concurrency.app */;
			productType = "com.apple.product-type.application";
		};
		5B0221AE2D78AB90005A3176 /* News-ConcurrencyTests */ = {
			isa = PBXNativeTarget;
			buildConfigurationList = 5B0221C62D78AB90005A3176 /* Build configuration list for PBXNativeTarget "News-ConcurrencyTests" */;
			buildPhases = (
				5B0221AB2D78AB90005A3176 /* Sources */,
				5B0221AC2D78AB90005A3176 /* Frameworks */,
				5B0221AD2D78AB90005A3176 /* Resources */,
			);
			buildRules = (
			);
			dependencies = (
				5B0221B12D78AB90005A3176 /* PBXTargetDependency */,
			);
			fileSystemSynchronizedGroups = (
				5B0221B22D78AB90005A3176 /* News-ConcurrencyTests */,
			);
			name = "News-ConcurrencyTests";
			packageProductDependencies = (
			);
			productName = "News-ConcurrencyTests";
			productReference = 5B0221AF2D78AB90005A3176 /* News-ConcurrencyTests.xctest */;
			productType = "com.apple.product-type.bundle.unit-test";
		};
		5B0221B82D78AB90005A3176 /* News-ConcurrencyUITests */ = {
			isa = PBXNativeTarget;
			buildConfigurationList = 5B0221C92D78AB90005A3176 /* Build configuration list for PBXNativeTarget "News-ConcurrencyUITests" */;
			buildPhases = (
				5B0221B52D78AB90005A3176 /* Sources */,
				5B0221B62D78AB90005A3176 /* Frameworks */,
				5B0221B72D78AB90005A3176 /* Resources */,
			);
			buildRules = (
			);
			dependencies = (
				5B0221BB2D78AB90005A3176 /* PBXTargetDependency */,
			);
			fileSystemSynchronizedGroups = (
				5B0221BC2D78AB90005A3176 /* News-ConcurrencyUITests */,
			);
			name = "News-ConcurrencyUITests";
			packageProductDependencies = (
			);
			productName = "News-ConcurrencyUITests";
			productReference = 5B0221B92D78AB90005A3176 /* News-ConcurrencyUITests.xctest */;
			productType = "com.apple.product-type.bundle.ui-testing";
		};
/* End PBXNativeTarget section */

/* Begin PBXProject section */
		5B0221972D78AB8F005A3176 /* Project object */ = {
			isa = PBXProject;
			attributes = {
				BuildIndependentTargetsInParallel = 1;
				LastSwiftUpdateCheck = 1620;
				LastUpgradeCheck = 1620;
				TargetAttributes = {
					5B02219E2D78AB8F005A3176 = {
						CreatedOnToolsVersion = 16.2;
					};
					5B0221AE2D78AB90005A3176 = {
						CreatedOnToolsVersion = 16.2;
						TestTargetID = 5B02219E2D78AB8F005A3176;
					};
					5B0221B82D78AB90005A3176 = {
						CreatedOnToolsVersion = 16.2;
						TestTargetID = 5B02219E2D78AB8F005A3176;
					};
				};
			};
			buildConfigurationList = 5B02219A2D78AB8F005A3176 /* Build configuration list for PBXProject "News-Concurrency" */;
			developmentRegion = en;
			hasScannedForEncodings = 0;
			knownRegions = (
				en,
				Base,
			);
			mainGroup = 5B0221962D78AB8F005A3176;
			minimizedProjectReferenceProxies = 1;
			preferredProjectObjectVersion = 77;
			productRefGroup = 5B0221A02D78AB8F005A3176 /* Products */;
			projectDirPath = "";
			projectRoot = "";
			targets = (
				5B02219E2D78AB8F005A3176 /* News-Concurrency */,
				5B0221AE2D78AB90005A3176 /* News-ConcurrencyTests */,
				5B0221B82D78AB90005A3176 /* News-ConcurrencyUITests */,
			);
		};
/* End PBXProject section */

/* Begin PBXResourcesBuildPhase section */
		5B02219D2D78AB8F005A3176 /* Resources */ = {
			isa = PBXResourcesBuildPhase;
			buildActionMask = 2147483647;
			files = (
			);
			runOnlyForDeploymentPostprocessing = 0;
		};
		5B0221AD2D78AB90005A3176 /* Resources */ = {
			isa = PBXResourcesBuildPhase;
			buildActionMask = 2147483647;
			files = (
			);
			runOnlyForDeploymentPostprocessing = 0;
		};
		5B0221B72D78AB90005A3176 /* Resources */ = {
			isa = PBXResourcesBuildPhase;
			buildActionMask = 2147483647;
			files = (
			);
			runOnlyForDeploymentPostprocessing = 0;
		};
/* End PBXResourcesBuildPhase section */

/* Begin PBXSourcesBuildPhase section */
		5B02219B2D78AB8F005A3176 /* Sources */ = {
			isa = PBXSourcesBuildPhase;
			buildActionMask = 2147483647;
			files = (
			);
			runOnlyForDeploymentPostprocessing = 0;
		};
		5B0221AB2D78AB90005A3176 /* Sources */ = {
			isa = PBXSourcesBuildPhase;
			buildActionMask = 2147483647;
			files = (
			);
			runOnlyForDeploymentPostprocessing = 0;
		};
		5B0221B52D78AB90005A3176 /* Sources */ = {
			isa = PBXSourcesBuildPhase;
			buildActionMask = 2147483647;
			files = (
			);
			runOnlyForDeploymentPostprocessing = 0;
		};
/* End PBXSourcesBuildPhase section */

/* Begin PBXTargetDependency section */
		5B0221B12D78AB90005A3176 /* PBXTargetDependency */ = {
			isa = PBXTargetDependency;
			target = 5B02219E2D78AB8F005A3176 /* News-Concurrency */;
			targetProxy = 5B0221B02D78AB90005A3176 /* PBXContainerItemProxy */;
		};
		5B0221BB2D78AB90005A3176 /* PBXTargetDependency */ = {
			isa = PBXTargetDependency;
			target = 5B02219E2D78AB8F005A3176 /* News-Concurrency */;
			targetProxy = 5B0221BA2D78AB90005A3176 /* PBXContainerItemProxy */;
		};
/* End PBXTargetDependency section */

/* Begin XCBuildConfiguration section */
		5B0221C12D78AB90005A3176 /* Debug */ = {
			isa = XCBuildConfiguration;
			buildSettings = {
				ALWAYS_SEARCH_USER_PATHS = NO;
				ASSETCATALOG_COMPILER_GENERATE_SWIFT_ASSET_SYMBOL_EXTENSIONS = YES;
				CLANG_ANALYZER_NONNULL = YES;
				CLANG_ANALYZER_NUMBER_OBJECT_CONVERSION = YES_AGGRESSIVE;
				CLANG_CXX_LANGUAGE_STANDARD = "gnu++20";
				CLANG_ENABLE_MODULES = YES;
				CLANG_ENABLE_OBJC_ARC = YES;
				CLANG_ENABLE_OBJC_WEAK = YES;
				CLANG_WARN_BLOCK_CAPTURE_AUTORELEASING = YES;
				CLANG_WARN_BOOL_CONVERSION = YES;
				CLANG_WARN_COMMA = YES;
				CLANG_WARN_CONSTANT_CONVERSION = YES;
				CLANG_WARN_DEPRECATED_OBJC_IMPLEMENTATIONS = YES;
				CLANG_WARN_DIRECT_OBJC_ISA_USAGE = YES_ERROR;
				CLANG_WARN_DOCUMENTATION_COMMENTS = YES;
				CLANG_WARN_EMPTY_BODY = YES;
				CLANG_WARN_ENUM_CONVERSION = YES;
				CLANG_WARN_INFINITE_RECURSION = YES;
				CLANG_WARN_INT_CONVERSION = YES;
				CLANG_WARN_NON_LITERAL_NULL_CONVERSION = YES;
				CLANG_WARN_OBJC_IMPLICIT_RETAIN_SELF = YES;
				CLANG_WARN_OBJC_LITERAL_CONVERSION = YES;
				CLANG_WARN_OBJC_ROOT_CLASS = YES_ERROR;
				CLANG_WARN_QUOTED_INCLUDE_IN_FRAMEWORK_HEADER = YES;
				CLANG_WARN_RANGE_LOOP_ANALYSIS = YES;
				CLANG_WARN_STRICT_PROTOTYPES = YES;
				CLANG_WARN_SUSPICIOUS_MOVE = YES;
				CLANG_WARN_UNGUARDED_AVAILABILITY = YES_AGGRESSIVE;
				CLANG_WARN_UNREACHABLE_CODE = YES;
				CLANG_WARN__DUPLICATE_METHOD_MATCH = YES;
				COPY_PHASE_STRIP = NO;
				DEBUG_INFORMATION_FORMAT = dwarf;
				ENABLE_STRICT_OBJC_MSGSEND = YES;
				ENABLE_TESTABILITY = YES;
				ENABLE_USER_SCRIPT_SANDBOXING = YES;
				GCC_C_LANGUAGE_STANDARD = gnu17;
				GCC_DYNAMIC_NO_PIC = NO;
				GCC_NO_COMMON_BLOCKS = YES;
				GCC_OPTIMIZATION_LEVEL = 0;
				GCC_PREPROCESSOR_DEFINITIONS = (
					"DEBUG=1",
					"$(inherited)",
				);
				GCC_WARN_64_TO_32_BIT_CONVERSION = YES;
				GCC_WARN_ABOUT_RETURN_TYPE = YES_ERROR;
				GCC_WARN_UNDECLARED_SELECTOR = YES;
				GCC_WARN_UNINITIALIZED_AUTOS = YES_AGGRESSIVE;
				GCC_WARN_UNUSED_FUNCTION = YES;
				GCC_WARN_UNUSED_VARIABLE = YES;
				IPHONEOS_DEPLOYMENT_TARGET = 18.2;
				LOCALIZATION_PREFERS_STRING_CATALOGS = YES;
				MTL_ENABLE_DEBUG_INFO = INCLUDE_SOURCE;
				MTL_FAST_MATH = YES;
				ONLY_ACTIVE_ARCH = YES;
				SDKROOT = iphoneos;
				SWIFT_ACTIVE_COMPILATION_CONDITIONS = "DEBUG $(inherited)";
				SWIFT_OPTIMIZATION_LEVEL = "-Onone";
			};
			name = Debug;
		};
		5B0221C22D78AB90005A3176 /* Release */ = {
			isa = XCBuildConfiguration;
			buildSettings = {
				ALWAYS_SEARCH_USER_PATHS = NO;
				ASSETCATALOG_COMPILER_GENERATE_SWIFT_ASSET_SYMBOL_EXTENSIONS = YES;
				CLANG_ANALYZER_NONNULL = YES;
				CLANG_ANALYZER_NUMBER_OBJECT_CONVERSION = YES_AGGRESSIVE;
				CLANG_CXX_LANGUAGE_STANDARD = "gnu++20";
				CLANG_ENABLE_MODULES = YES;
				CLANG_ENABLE_OBJC_ARC = YES;
				CLANG_ENABLE_OBJC_WEAK = YES;
				CLANG_WARN_BLOCK_CAPTURE_AUTORELEASING = YES;
				CLANG_WARN_BOOL_CONVERSION = YES;
				CLANG_WARN_COMMA = YES;
				CLANG_WARN_CONSTANT_CONVERSION = YES;
				CLANG_WARN_DEPRECATED_OBJC_IMPLEMENTATIONS = YES;
				CLANG_WARN_DIRECT_OBJC_ISA_USAGE = YES_ERROR;
				CLANG_WARN_DOCUMENTATION_COMMENTS = YES;
				CLANG_WARN_EMPTY_BODY = YES;
				CLANG_WARN_ENUM_CONVERSION = YES;
				CLANG_WARN_INFINITE_RECURSION = YES;
				CLANG_WARN_INT_CONVERSION = YES;
				CLANG_WARN_NON_LITERAL_NULL_CONVERSION = YES;
				CLANG_WARN_OBJC_IMPLICIT_RETAIN_SELF = YES;
				CLANG_WARN_OBJC_LITERAL_CONVERSION = YES;
				CLANG_WARN_OBJC_ROOT_CLASS = YES_ERROR;
				CLANG_WARN_QUOTED_INCLUDE_IN_FRAMEWORK_HEADER = YES;
				CLANG_WARN_RANGE_LOOP_ANALYSIS = YES;
				CLANG_WARN_STRICT_PROTOTYPES = YES;
				CLANG_WARN_SUSPICIOUS_MOVE = YES;
				CLANG_WARN_UNGUARDED_AVAILABILITY = YES_AGGRESSIVE;
				CLANG_WARN_UNREACHABLE_CODE = YES;
				CLANG_WARN__DUPLICATE_METHOD_MATCH = YES;
				COPY_PHASE_STRIP = NO;
				DEBUG_INFORMATION_FORMAT = "dwarf-with-dsym";
				ENABLE_NS_ASSERTIONS = NO;
				ENABLE_STRICT_OBJC_MSGSEND = YES;
				ENABLE_USER_SCRIPT_SANDBOXING = YES;
				GCC_C_LANGUAGE_STANDARD = gnu17;
				GCC_NO_COMMON_BLOCKS = YES;
				GCC_WARN_64_TO_32_BIT_CONVERSION = YES;
				GCC_WARN_ABOUT_RETURN_TYPE = YES_ERROR;
				GCC_WARN_UNDECLARED_SELECTOR = YES;
				GCC_WARN_UNINITIALIZED_AUTOS = YES_AGGRESSIVE;
				GCC_WARN_UNUSED_FUNCTION = YES;
				GCC_WARN_UNUSED_VARIABLE = YES;
				IPHONEOS_DEPLOYMENT_TARGET = 18.2;
				LOCALIZATION_PREFERS_STRING_CATALOGS = YES;
				MTL_ENABLE_DEBUG_INFO = NO;
				MTL_FAST_MATH = YES;
				SDKROOT = iphoneos;
				SWIFT_COMPILATION_MODE = wholemodule;
				VALIDATE_PRODUCT = YES;
			};
			name = Release;
		};
		5B0221C42D78AB90005A3176 /* Debug */ = {
			isa = XCBuildConfiguration;
			buildSettings = {
				ASSETCATALOG_COMPILER_APPICON_NAME = AppIcon;
				ASSETCATALOG_COMPILER_GLOBAL_ACCENT_COLOR_NAME = AccentColor;
				CODE_SIGN_STYLE = Automatic;
				CURRENT_PROJECT_VERSION = 1;
				DEVELOPMENT_ASSET_PATHS = "\"News-Concurrency/Preview Content\"";
				DEVELOPMENT_TEAM = 5S72RZHGP8;
				ENABLE_PREVIEWS = YES;
				GENERATE_INFOPLIST_FILE = YES;
				INFOPLIST_KEY_UIApplicationSceneManifest_Generation = YES;
				INFOPLIST_KEY_UIApplicationSupportsIndirectInputEvents = YES;
				INFOPLIST_KEY_UILaunchScreen_Generation = YES;
				INFOPLIST_KEY_UISupportedInterfaceOrientations_iPad = "UIInterfaceOrientationPortrait UIInterfaceOrientationPortraitUpsideDown UIInterfaceOrientationLandscapeLeft UIInterfaceOrientationLandscapeRight";
				INFOPLIST_KEY_UISupportedInterfaceOrientations_iPhone = "UIInterfaceOrientationPortrait UIInterfaceOrientationLandscapeLeft UIInterfaceOrientationLandscapeRight";
				LD_RUNPATH_SEARCH_PATHS = (
					"$(inherited)",
					"@executable_path/Frameworks",
				);
				MARKETING_VERSION = 1.0;
				PRODUCT_BUNDLE_IDENTIFIER = "RodrigoProkopowicz.News-Concurrency";
				PRODUCT_NAME = "$(TARGET_NAME)";
				SWIFT_EMIT_LOC_STRINGS = YES;
				SWIFT_VERSION = 5.0;
				TARGETED_DEVICE_FAMILY = "1,2";
			};
			name = Debug;
		};
		5B0221C52D78AB90005A3176 /* Release */ = {
			isa = XCBuildConfiguration;
			buildSettings = {
				ASSETCATALOG_COMPILER_APPICON_NAME = AppIcon;
				ASSETCATALOG_COMPILER_GLOBAL_ACCENT_COLOR_NAME = AccentColor;
				CODE_SIGN_STYLE = Automatic;
				CURRENT_PROJECT_VERSION = 1;
				DEVELOPMENT_ASSET_PATHS = "\"News-Concurrency/Preview Content\"";
				DEVELOPMENT_TEAM = 5S72RZHGP8;
				ENABLE_PREVIEWS = YES;
				GENERATE_INFOPLIST_FILE = YES;
				INFOPLIST_KEY_UIApplicationSceneManifest_Generation = YES;
				INFOPLIST_KEY_UIApplicationSupportsIndirectInputEvents = YES;
				INFOPLIST_KEY_UILaunchScreen_Generation = YES;
				INFOPLIST_KEY_UISupportedInterfaceOrientations_iPad = "UIInterfaceOrientationPortrait UIInterfaceOrientationPortraitUpsideDown UIInterfaceOrientationLandscapeLeft UIInterfaceOrientationLandscapeRight";
				INFOPLIST_KEY_UISupportedInterfaceOrientations_iPhone = "UIInterfaceOrientationPortrait UIInterfaceOrientationLandscapeLeft UIInterfaceOrientationLandscapeRight";
				LD_RUNPATH_SEARCH_PATHS = (
					"$(inherited)",
					"@executable_path/Frameworks",
				);
				MARKETING_VERSION = 1.0;
				PRODUCT_BUNDLE_IDENTIFIER = "RodrigoProkopowicz.News-Concurrency";
				PRODUCT_NAME = "$(TARGET_NAME)";
				SWIFT_EMIT_LOC_STRINGS = YES;
				SWIFT_VERSION = 5.0;
				TARGETED_DEVICE_FAMILY = "1,2";
			};
			name = Release;
		};
		5B0221C72D78AB90005A3176 /* Debug */ = {
			isa = XCBuildConfiguration;
			buildSettings = {
				BUNDLE_LOADER = "$(TEST_HOST)";
				CODE_SIGN_STYLE = Automatic;
				CURRENT_PROJECT_VERSION = 1;
				DEVELOPMENT_TEAM = 5S72RZHGP8;
				GENERATE_INFOPLIST_FILE = YES;
				IPHONEOS_DEPLOYMENT_TARGET = 18.2;
				MARKETING_VERSION = 1.0;
				PRODUCT_BUNDLE_IDENTIFIER = "RodrigoProkopowicz.News-ConcurrencyTests";
				PRODUCT_NAME = "$(TARGET_NAME)";
				SWIFT_EMIT_LOC_STRINGS = NO;
				SWIFT_VERSION = 5.0;
				TARGETED_DEVICE_FAMILY = "1,2";
				TEST_HOST = "$(BUILT_PRODUCTS_DIR)/News-Concurrency.app/$(BUNDLE_EXECUTABLE_FOLDER_PATH)/News-Concurrency";
			};
			name = Debug;
		};
		5B0221C82D78AB90005A3176 /* Release */ = {
			isa = XCBuildConfiguration;
			buildSettings = {
				BUNDLE_LOADER = "$(TEST_HOST)";
				CODE_SIGN_STYLE = Automatic;
				CURRENT_PROJECT_VERSION = 1;
				DEVELOPMENT_TEAM = 5S72RZHGP8;
				GENERATE_INFOPLIST_FILE = YES;
				IPHONEOS_DEPLOYMENT_TARGET = 18.2;
				MARKETING_VERSION = 1.0;
				PRODUCT_BUNDLE_IDENTIFIER = "RodrigoProkopowicz.News-ConcurrencyTests";
				PRODUCT_NAME = "$(TARGET_NAME)";
				SWIFT_EMIT_LOC_STRINGS = NO;
				SWIFT_VERSION = 5.0;
				TARGETED_DEVICE_FAMILY = "1,2";
				TEST_HOST = "$(BUILT_PRODUCTS_DIR)/News-Concurrency.app/$(BUNDLE_EXECUTABLE_FOLDER_PATH)/News-Concurrency";
			};
			name = Release;
		};
		5B0221CA2D78AB90005A3176 /* Debug */ = {
			isa = XCBuildConfiguration;
			buildSettings = {
				CODE_SIGN_STYLE = Automatic;
				CURRENT_PROJECT_VERSION = 1;
				DEVELOPMENT_TEAM = 5S72RZHGP8;
				GENERATE_INFOPLIST_FILE = YES;
				MARKETING_VERSION = 1.0;
				PRODUCT_BUNDLE_IDENTIFIER = "RodrigoProkopowicz.News-ConcurrencyUITests";
				PRODUCT_NAME = "$(TARGET_NAME)";
				SWIFT_EMIT_LOC_STRINGS = NO;
				SWIFT_VERSION = 5.0;
				TARGETED_DEVICE_FAMILY = "1,2";
				TEST_TARGET_NAME = "News-Concurrency";
			};
			name = Debug;
		};
		5B0221CB2D78AB90005A3176 /* Release */ = {
			isa = XCBuildConfiguration;
			buildSettings = {
				CODE_SIGN_STYLE = Automatic;
				CURRENT_PROJECT_VERSION = 1;
				DEVELOPMENT_TEAM = 5S72RZHGP8;
				GENERATE_INFOPLIST_FILE = YES;
				MARKETING_VERSION = 1.0;
				PRODUCT_BUNDLE_IDENTIFIER = "RodrigoProkopowicz.News-ConcurrencyUITests";
				PRODUCT_NAME = "$(TARGET_NAME)";
				SWIFT_EMIT_LOC_STRINGS = NO;
				SWIFT_VERSION = 5.0;
				TARGETED_DEVICE_FAMILY = "1,2";
				TEST_TARGET_NAME = "News-Concurrency";
			};
			name = Release;
		};
/* End XCBuildConfiguration section */

/* Begin XCConfigurationList section */
		5B02219A2D78AB8F005A3176 /* Build configuration list for PBXProject "News-Concurrency" */ = {
			isa = XCConfigurationList;
			buildConfigurations = (
				5B0221C12D78AB90005A3176 /* Debug */,
				5B0221C22D78AB90005A3176 /* Release */,
			);
			defaultConfigurationIsVisible = 0;
			defaultConfigurationName = Release;
		};
		5B0221C32D78AB90005A3176 /* Build configuration list for PBXNativeTarget "News-Concurrency" */ = {
			isa = XCConfigurationList;
			buildConfigurations = (
				5B0221C42D78AB90005A3176 /* Debug */,
				5B0221C52D78AB90005A3176 /* Release */,
			);
			defaultConfigurationIsVisible = 0;
			defaultConfigurationName = Release;
		};
		5B0221C62D78AB90005A3176 /* Build configuration list for PBXNativeTarget "News-ConcurrencyTests" */ = {
			isa = XCConfigurationList;
			buildConfigurations = (
				5B0221C72D78AB90005A3176 /* Debug */,
				5B0221C82D78AB90005A3176 /* Release */,
			);
			defaultConfigurationIsVisible = 0;
			defaultConfigurationName = Release;
		};
		5B0221C92D78AB90005A3176 /* Build configuration list for PBXNativeTarget "News-ConcurrencyUITests" */ = {
			isa = XCConfigurationList;
			buildConfigurations = (
				5B0221CA2D78AB90005A3176 /* Debug */,
				5B0221CB2D78AB90005A3176 /* Release */,
			);
			defaultConfigurationIsVisible = 0;
			defaultConfigurationName = Release;
		};
/* End XCConfigurationList section */
	};
	rootObject = 5B0221972D78AB8F005A3176 /* Project object */;
}
